
Microsoft Visual Studio Solution File, Format Version 12.00
# Visual Studio Version 17
VisualStudioVersion = 17.10.35013.160
MinimumVisualStudioVersion = 10.0.40219.1
Project("{FAE04EC0-301F-11D3-BF4B-00C04F79EFBC}") = "CardPicker", "CardPicker\CardPicker.csproj", "{DE9BDC5E-E8A6-4260-934C-21E78BFF6C45}"
EndProject
Global
	GlobalSection(SolutionConfigurationPlatforms) = preSolution
		Debug|Any CPU = Debug|Any CPU
		Release|Any CPU = Release|Any CPU
	EndGlobalSection
	GlobalSection(ProjectConfigurationPlatforms) = postSolution
		{DE9BDC5E-E8A6-4260-934C-21E78BFF6C45}.Debug|Any CPU.ActiveCfg = Debug|Any CPU
		{DE9BDC5E-E8A6-4260-934C-21E78BFF6C45}.Debug|Any CPU.Build.0 = Debug|Any CPU
		{DE9BDC5E-E8A6-4260-934C-21E78BFF6C45}.Release|Any CPU.ActiveCfg = Release|Any CPU
		{DE9BDC5E-E8A6-4260-934C-21E78BFF6C45}.Release|Any CPU.Build.0 = Release|Any CPU
	EndGlobalSection
	GlobalSection(SolutionProperties) = preSolution
		HideSolutionNode = FALSE
	EndGlobalSection
	GlobalSection(ExtensibilityGlobals) = postSolution
		SolutionGuid = {632E843A-A877-449B-988E-CB471FD82E8D}
	EndGlobalSection
EndGlobal
